// !$*UTF8*$!
{
	archiveVersion = 1;
	classes = {
	};
	objectVersion = 46;
	objects = {

/* Begin PBXBuildFile section */
		529BBE44195A5D4400E294B3 /* UICheckboxButton.m in Sources */ = {isa = PBXBuildFile; fileRef = 529BBE43195A5D4400E294B3 /* UICheckboxButton.m */; };
		529BBE49195A72A800E294B3 /* Images.xcassets in Resources */ = {isa = PBXBuildFile; fileRef = 529BBE48195A72A800E294B3 /* Images.xcassets */; };
		52D1106D1951CFAD00743FBD /* Foundation.framework in Frameworks */ = {isa = PBXBuildFile; fileRef = 52D1106C1951CFAD00743FBD /* Foundation.framework */; };
		52D1106F1951CFAD00743FBD /* CoreGraphics.framework in Frameworks */ = {isa = PBXBuildFile; fileRef = 52D1106E1951CFAD00743FBD /* CoreGraphics.framework */; };
		52D110711951CFAD00743FBD /* UIKit.framework in Frameworks */ = {isa = PBXBuildFile; fileRef = 52D110701951CFAD00743FBD /* UIKit.framework */; };
		52D110771951CFAD00743FBD /* InfoPlist.strings in Resources */ = {isa = PBXBuildFile; fileRef = 52D110751951CFAD00743FBD /* InfoPlist.strings */; };
		52D110791951CFAD00743FBD /* main.m in Sources */ = {isa = PBXBuildFile; fileRef = 52D110781951CFAD00743FBD /* main.m */; };
		52D110861951CFAD00743FBD /* XCTest.framework in Frameworks */ = {isa = PBXBuildFile; fileRef = 52D110851951CFAD00743FBD /* XCTest.framework */; };
		52D110871951CFAD00743FBD /* Foundation.framework in Frameworks */ = {isa = PBXBuildFile; fileRef = 52D1106C1951CFAD00743FBD /* Foundation.framework */; };
		52D110881951CFAD00743FBD /* UIKit.framework in Frameworks */ = {isa = PBXBuildFile; fileRef = 52D110701951CFAD00743FBD /* UIKit.framework */; };
		52D110901951CFAD00743FBD /* InfoPlist.strings in Resources */ = {isa = PBXBuildFile; fileRef = 52D1108E1951CFAD00743FBD /* InfoPlist.strings */; };
		52D110921951CFAD00743FBD /* FullActivitiesTests.m in Sources */ = {isa = PBXBuildFile; fileRef = 52D110911951CFAD00743FBD /* FullActivitiesTests.m */; };
		52D110B21951EA4C00743FBD /* FAAppDelegate.m in Sources */ = {isa = PBXBuildFile; fileRef = 52D110AD1951EA4C00743FBD /* FAAppDelegate.m */; };
		52D110B71951EB1900743FBD /* FATask.m in Sources */ = {isa = PBXBuildFile; fileRef = 52D110B61951EB1900743FBD /* FATask.m */; };
		52D110BA1952043D00743FBD /* FADataSource.m in Sources */ = {isa = PBXBuildFile; fileRef = 52D110B91952043D00743FBD /* FADataSource.m */; };
		52D110BD1952065100743FBD /* FATaskEditionView.m in Sources */ = {isa = PBXBuildFile; fileRef = 52D110BC1952065100743FBD /* FATaskEditionView.m */; };
		52D110C01952072600743FBD /* FATableViewController.m in Sources */ = {isa = PBXBuildFile; fileRef = 52D110BF1952072600743FBD /* FATableViewController.m */; };
		52D110C319522F6900743FBD /* FATaskEditionViewController.m in Sources */ = {isa = PBXBuildFile; fileRef = 52D110C219522F6900743FBD /* FATaskEditionViewController.m */; };
/* End PBXBuildFile section */

/* Begin PBXContainerItemProxy section */
		52D110891951CFAD00743FBD /* PBXContainerItemProxy */ = {
			isa = PBXContainerItemProxy;
			containerPortal = 52D110611951CFAD00743FBD /* Project object */;
			proxyType = 1;
			remoteGlobalIDString = 52D110681951CFAD00743FBD;
			remoteInfo = FullActivities;
		};
/* End PBXContainerItemProxy section */

/* Begin PBXFileReference section */
		529BBE42195A5D4400E294B3 /* UICheckboxButton.h */ = {isa = PBXFileReference; fileEncoding = 4; lastKnownFileType = sourcecode.c.h; name = UICheckboxButton.h; path = UIKit/UICheckboxButton.h; sourceTree = "<group>"; };
		529BBE43195A5D4400E294B3 /* UICheckboxButton.m */ = {isa = PBXFileReference; fileEncoding = 4; lastKnownFileType = sourcecode.c.objc; name = UICheckboxButton.m; path = UIKit/UICheckboxButton.m; sourceTree = "<group>"; };
		529BBE48195A72A800E294B3 /* Images.xcassets */ = {isa = PBXFileReference; lastKnownFileType = folder.assetcatalog; name = Images.xcassets; path = Ressources/Images.xcassets; sourceTree = "<group>"; };
		52D110691951CFAD00743FBD /* FullActivities.app */ = {isa = PBXFileReference; explicitFileType = wrapper.application; includeInIndex = 0; path = FullActivities.app; sourceTree = BUILT_PRODUCTS_DIR; };
		52D1106C1951CFAD00743FBD /* Foundation.framework */ = {isa = PBXFileReference; lastKnownFileType = wrapper.framework; name = Foundation.framework; path = System/Library/Frameworks/Foundation.framework; sourceTree = SDKROOT; };
		52D1106E1951CFAD00743FBD /* CoreGraphics.framework */ = {isa = PBXFileReference; lastKnownFileType = wrapper.framework; name = CoreGraphics.framework; path = System/Library/Frameworks/CoreGraphics.framework; sourceTree = SDKROOT; };
		52D110701951CFAD00743FBD /* UIKit.framework */ = {isa = PBXFileReference; lastKnownFileType = wrapper.framework; name = UIKit.framework; path = System/Library/Frameworks/UIKit.framework; sourceTree = SDKROOT; };
		52D110741951CFAD00743FBD /* FullActivities-Info.plist */ = {isa = PBXFileReference; lastKnownFileType = text.plist.xml; path = "FullActivities-Info.plist"; sourceTree = "<group>"; };
		52D110761951CFAD00743FBD /* en */ = {isa = PBXFileReference; lastKnownFileType = text.plist.strings; name = en; path = en.lproj/InfoPlist.strings; sourceTree = "<group>"; };
		52D110781951CFAD00743FBD /* main.m */ = {isa = PBXFileReference; lastKnownFileType = sourcecode.c.objc; path = main.m; sourceTree = "<group>"; };
		52D1107A1951CFAD00743FBD /* FullActivities-Prefix.pch */ = {isa = PBXFileReference; lastKnownFileType = sourcecode.c.h; path = "FullActivities-Prefix.pch"; sourceTree = "<group>"; };
		52D110841951CFAD00743FBD /* FullActivitiesTests.xctest */ = {isa = PBXFileReference; explicitFileType = wrapper.cfbundle; includeInIndex = 0; path = FullActivitiesTests.xctest; sourceTree = BUILT_PRODUCTS_DIR; };
		52D110851951CFAD00743FBD /* XCTest.framework */ = {isa = PBXFileReference; lastKnownFileType = wrapper.framework; name = XCTest.framework; path = Library/Frameworks/XCTest.framework; sourceTree = DEVELOPER_DIR; };
		52D1108D1951CFAD00743FBD /* FullActivitiesTests-Info.plist */ = {isa = PBXFileReference; lastKnownFileType = text.plist.xml; path = "FullActivitiesTests-Info.plist"; sourceTree = "<group>"; };
		52D1108F1951CFAD00743FBD /* en */ = {isa = PBXFileReference; lastKnownFileType = text.plist.strings; name = en; path = en.lproj/InfoPlist.strings; sourceTree = "<group>"; };
		52D110911951CFAD00743FBD /* FullActivitiesTests.m */ = {isa = PBXFileReference; lastKnownFileType = sourcecode.c.objc; path = FullActivitiesTests.m; sourceTree = "<group>"; };
		52D110AC1951EA4C00743FBD /* FAAppDelegate.h */ = {isa = PBXFileReference; fileEncoding = 4; lastKnownFileType = sourcecode.c.h; path = FAAppDelegate.h; sourceTree = "<group>"; };
		52D110AD1951EA4C00743FBD /* FAAppDelegate.m */ = {isa = PBXFileReference; fileEncoding = 4; lastKnownFileType = sourcecode.c.objc; path = FAAppDelegate.m; sourceTree = "<group>"; };
		52D110B51951EB1900743FBD /* FATask.h */ = {isa = PBXFileReference; fileEncoding = 4; lastKnownFileType = sourcecode.c.h; path = FATask.h; sourceTree = "<group>"; };
		52D110B61951EB1900743FBD /* FATask.m */ = {isa = PBXFileReference; fileEncoding = 4; lastKnownFileType = sourcecode.c.objc; path = FATask.m; sourceTree = "<group>"; };
		52D110B81952043D00743FBD /* FADataSource.h */ = {isa = PBXFileReference; fileEncoding = 4; lastKnownFileType = sourcecode.c.h; path = FADataSource.h; sourceTree = "<group>"; };
		52D110B91952043D00743FBD /* FADataSource.m */ = {isa = PBXFileReference; fileEncoding = 4; lastKnownFileType = sourcecode.c.objc; path = FADataSource.m; sourceTree = "<group>"; };
		52D110BB1952065100743FBD /* FATaskEditionView.h */ = {isa = PBXFileReference; fileEncoding = 4; lastKnownFileType = sourcecode.c.h; path = FATaskEditionView.h; sourceTree = "<group>"; };
		52D110BC1952065100743FBD /* FATaskEditionView.m */ = {isa = PBXFileReference; fileEncoding = 4; lastKnownFileType = sourcecode.c.objc; path = FATaskEditionView.m; sourceTree = "<group>"; };
		52D110BE1952072600743FBD /* FATableViewController.h */ = {isa = PBXFileReference; fileEncoding = 4; lastKnownFileType = sourcecode.c.h; path = FATableViewController.h; sourceTree = "<group>"; };
		52D110BF1952072600743FBD /* FATableViewController.m */ = {isa = PBXFileReference; fileEncoding = 4; lastKnownFileType = sourcecode.c.objc; path = FATableViewController.m; sourceTree = "<group>"; };
		52D110C119522F6900743FBD /* FATaskEditionViewController.h */ = {isa = PBXFileReference; fileEncoding = 4; lastKnownFileType = sourcecode.c.h; path = FATaskEditionViewController.h; sourceTree = "<group>"; };
		52D110C219522F6900743FBD /* FATaskEditionViewController.m */ = {isa = PBXFileReference; fileEncoding = 4; lastKnownFileType = sourcecode.c.objc; path = FATaskEditionViewController.m; sourceTree = "<group>"; };
/* End PBXFileReference section */

/* Begin PBXFrameworksBuildPhase section */
		52D110661951CFAD00743FBD /* Frameworks */ = {
			isa = PBXFrameworksBuildPhase;
			buildActionMask = 2147483647;
			files = (
				52D1106F1951CFAD00743FBD /* CoreGraphics.framework in Frameworks */,
				52D110711951CFAD00743FBD /* UIKit.framework in Frameworks */,
				52D1106D1951CFAD00743FBD /* Foundation.framework in Frameworks */,
			);
			runOnlyForDeploymentPostprocessing = 0;
		};
		52D110811951CFAD00743FBD /* Frameworks */ = {
			isa = PBXFrameworksBuildPhase;
			buildActionMask = 2147483647;
			files = (
				52D110861951CFAD00743FBD /* XCTest.framework in Frameworks */,
				52D110881951CFAD00743FBD /* UIKit.framework in Frameworks */,
				52D110871951CFAD00743FBD /* Foundation.framework in Frameworks */,
			);
			runOnlyForDeploymentPostprocessing = 0;
		};
/* End PBXFrameworksBuildPhase section */

/* Begin PBXGroup section */
		529BBE45195A5D4C00E294B3 /* UIKit */ = {
			isa = PBXGroup;
			children = (
				529BBE42195A5D4400E294B3 /* UICheckboxButton.h */,
				529BBE43195A5D4400E294B3 /* UICheckboxButton.m */,
			);
			name = UIKit;
			sourceTree = "<group>";
		};
		52D110601951CFAD00743FBD = {
			isa = PBXGroup;
			children = (
				52D110721951CFAD00743FBD /* FullActivities */,
				52D1108B1951CFAD00743FBD /* FullActivitiesTests */,
				52D1106B1951CFAD00743FBD /* Frameworks */,
				52D1106A1951CFAD00743FBD /* Products */,
			);
			sourceTree = "<group>";
		};
		52D1106A1951CFAD00743FBD /* Products */ = {
			isa = PBXGroup;
			children = (
				52D110691951CFAD00743FBD /* FullActivities.app */,
				52D110841951CFAD00743FBD /* FullActivitiesTests.xctest */,
			);
			name = Products;
			sourceTree = "<group>";
		};
		52D1106B1951CFAD00743FBD /* Frameworks */ = {
			isa = PBXGroup;
			children = (
				52D1106C1951CFAD00743FBD /* Foundation.framework */,
				52D1106E1951CFAD00743FBD /* CoreGraphics.framework */,
				52D110701951CFAD00743FBD /* UIKit.framework */,
				52D110851951CFAD00743FBD /* XCTest.framework */,
			);
			name = Frameworks;
			sourceTree = "<group>";
		};
		52D110721951CFAD00743FBD /* FullActivities */ = {
			isa = PBXGroup;
			children = (
				52D110B01951EA4C00743FBD /* Models */,
				52D110B11951EA4C00743FBD /* Views */,
				52D110AB1951EA4C00743FBD /* Controllers */,
				52D110B41951EA6300743FBD /* Ressources */,
				52D110731951CFAD00743FBD /* Supporting Files */,
			);
			path = FullActivities;
			sourceTree = "<group>";
		};
		52D110731951CFAD00743FBD /* Supporting Files */ = {
			isa = PBXGroup;
			children = (
				52D110741951CFAD00743FBD /* FullActivities-Info.plist */,
				52D110751951CFAD00743FBD /* InfoPlist.strings */,
				52D110781951CFAD00743FBD /* main.m */,
				52D1107A1951CFAD00743FBD /* FullActivities-Prefix.pch */,
			);
			name = "Supporting Files";
			sourceTree = "<group>";
		};
		52D1108B1951CFAD00743FBD /* FullActivitiesTests */ = {
			isa = PBXGroup;
			children = (
				52D110911951CFAD00743FBD /* FullActivitiesTests.m */,
				52D1108C1951CFAD00743FBD /* Supporting Files */,
			);
			path = FullActivitiesTests;
			sourceTree = "<group>";
		};
		52D1108C1951CFAD00743FBD /* Supporting Files */ = {
			isa = PBXGroup;
			children = (
				52D1108D1951CFAD00743FBD /* FullActivitiesTests-Info.plist */,
				52D1108E1951CFAD00743FBD /* InfoPlist.strings */,
			);
			name = "Supporting Files";
			sourceTree = "<group>";
		};
		52D110AB1951EA4C00743FBD /* Controllers */ = {
			isa = PBXGroup;
			children = (
				52D110AC1951EA4C00743FBD /* FAAppDelegate.h */,
				52D110AD1951EA4C00743FBD /* FAAppDelegate.m */,
				52D110BE1952072600743FBD /* FATableViewController.h */,
				52D110BF1952072600743FBD /* FATableViewController.m */,
				52D110C419522F7D00743FBD /* Edition */,
			);
			path = Controllers;
			sourceTree = "<group>";
		};
		52D110B01951EA4C00743FBD /* Models */ = {
			isa = PBXGroup;
			children = (
				52D110B81952043D00743FBD /* FADataSource.h */,
				52D110B91952043D00743FBD /* FADataSource.m */,
				52D110B51951EB1900743FBD /* FATask.h */,
				52D110B61951EB1900743FBD /* FATask.m */,
			);
			path = Models;
			sourceTree = "<group>";
		};
		52D110B11951EA4C00743FBD /* Views */ = {
			isa = PBXGroup;
			children = (
				52D110BB1952065100743FBD /* FATaskEditionView.h */,
				52D110BC1952065100743FBD /* FATaskEditionView.m */,
				529BBE45195A5D4C00E294B3 /* UIKit */,
			);
			path = Views;
			sourceTree = "<group>";
		};
		52D110B41951EA6300743FBD /* Ressources */ = {
			isa = PBXGroup;
			children = (
				529BBE48195A72A800E294B3 /* Images.xcassets */,
			);
			name = Ressources;
			sourceTree = "<group>";
		};
		52D110C419522F7D00743FBD /* Edition */ = {
			isa = PBXGroup;
			children = (
				52D110C119522F6900743FBD /* FATaskEditionViewController.h */,
				52D110C219522F6900743FBD /* FATaskEditionViewController.m */,
			);
			name = Edition;
			sourceTree = "<group>";
		};
/* End PBXGroup section */

/* Begin PBXNativeTarget section */
		52D110681951CFAD00743FBD /* FullActivities */ = {
			isa = PBXNativeTarget;
			buildConfigurationList = 52D110951951CFAD00743FBD /* Build configuration list for PBXNativeTarget "FullActivities" */;
			buildPhases = (
				52D110651951CFAD00743FBD /* Sources */,
				52D110661951CFAD00743FBD /* Frameworks */,
				52D110671951CFAD00743FBD /* Resources */,
			);
			buildRules = (
			);
			dependencies = (
			);
			name = FullActivities;
			productName = FullActivities;
			productReference = 52D110691951CFAD00743FBD /* FullActivities.app */;
			productType = "com.apple.product-type.application";
		};
		52D110831951CFAD00743FBD /* FullActivitiesTests */ = {
			isa = PBXNativeTarget;
			buildConfigurationList = 52D110981951CFAD00743FBD /* Build configuration list for PBXNativeTarget "FullActivitiesTests" */;
			buildPhases = (
				52D110801951CFAD00743FBD /* Sources */,
				52D110811951CFAD00743FBD /* Frameworks */,
				52D110821951CFAD00743FBD /* Resources */,
			);
			buildRules = (
			);
			dependencies = (
				52D1108A1951CFAD00743FBD /* PBXTargetDependency */,
			);
			name = FullActivitiesTests;
			productName = FullActivitiesTests;
			productReference = 52D110841951CFAD00743FBD /* FullActivitiesTests.xctest */;
			productType = "com.apple.product-type.bundle.unit-test";
		};
/* End PBXNativeTarget section */

/* Begin PBXProject section */
		52D110611951CFAD00743FBD /* Project object */ = {
			isa = PBXProject;
			attributes = {
				LastUpgradeCheck = 0510;
				ORGANIZATIONNAME = Tibimac;
				TargetAttributes = {
					52D110681951CFAD00743FBD = {
						DevelopmentTeam = W43TK7BXYU;
					};
					52D110831951CFAD00743FBD = {
						TestTargetID = 52D110681951CFAD00743FBD;
					};
				};
			};
			buildConfigurationList = 52D110641951CFAD00743FBD /* Build configuration list for PBXProject "FullActivities" */;
			compatibilityVersion = "Xcode 3.2";
			developmentRegion = English;
			hasScannedForEncodings = 0;
			knownRegions = (
				en,
			);
			mainGroup = 52D110601951CFAD00743FBD;
			productRefGroup = 52D1106A1951CFAD00743FBD /* Products */;
			projectDirPath = "";
			projectRoot = "";
			targets = (
				52D110681951CFAD00743FBD /* FullActivities */,
				52D110831951CFAD00743FBD /* FullActivitiesTests */,
			);
		};
/* End PBXProject section */

/* Begin PBXResourcesBuildPhase section */
		52D110671951CFAD00743FBD /* Resources */ = {
			isa = PBXResourcesBuildPhase;
			buildActionMask = 2147483647;
			files = (
				52D110771951CFAD00743FBD /* InfoPlist.strings in Resources */,
				529BBE49195A72A800E294B3 /* Images.xcassets in Resources */,
			);
			runOnlyForDeploymentPostprocessing = 0;
		};
		52D110821951CFAD00743FBD /* Resources */ = {
			isa = PBXResourcesBuildPhase;
			buildActionMask = 2147483647;
			files = (
				52D110901951CFAD00743FBD /* InfoPlist.strings in Resources */,
			);
			runOnlyForDeploymentPostprocessing = 0;
		};
/* End PBXResourcesBuildPhase section */

/* Begin PBXSourcesBuildPhase section */
		52D110651951CFAD00743FBD /* Sources */ = {
			isa = PBXSourcesBuildPhase;
			buildActionMask = 2147483647;
			files = (
				52D110C01952072600743FBD /* FATableViewController.m in Sources */,
				52D110B21951EA4C00743FBD /* FAAppDelegate.m in Sources */,
				52D110791951CFAD00743FBD /* main.m in Sources */,
				52D110C319522F6900743FBD /* FATaskEditionViewController.m in Sources */,
				52D110BD1952065100743FBD /* FATaskEditionView.m in Sources */,
				52D110B71951EB1900743FBD /* FATask.m in Sources */,
				529BBE44195A5D4400E294B3 /* UICheckboxButton.m in Sources */,
				52D110BA1952043D00743FBD /* FADataSource.m in Sources */,
			);
			runOnlyForDeploymentPostprocessing = 0;
		};
		52D110801951CFAD00743FBD /* Sources */ = {
			isa = PBXSourcesBuildPhase;
			buildActionMask = 2147483647;
			files = (
				52D110921951CFAD00743FBD /* FullActivitiesTests.m in Sources */,
			);
			runOnlyForDeploymentPostprocessing = 0;
		};
/* End PBXSourcesBuildPhase section */

/* Begin PBXTargetDependency section */
		52D1108A1951CFAD00743FBD /* PBXTargetDependency */ = {
			isa = PBXTargetDependency;
			target = 52D110681951CFAD00743FBD /* FullActivities */;
			targetProxy = 52D110891951CFAD00743FBD /* PBXContainerItemProxy */;
		};
/* End PBXTargetDependency section */

/* Begin PBXVariantGroup section */
		52D110751951CFAD00743FBD /* InfoPlist.strings */ = {
			isa = PBXVariantGroup;
			children = (
				52D110761951CFAD00743FBD /* en */,
			);
			name = InfoPlist.strings;
			sourceTree = "<group>";
		};
		52D1108E1951CFAD00743FBD /* InfoPlist.strings */ = {
			isa = PBXVariantGroup;
			children = (
				52D1108F1951CFAD00743FBD /* en */,
			);
			name = InfoPlist.strings;
			sourceTree = "<group>";
		};
/* End PBXVariantGroup section */

/* Begin XCBuildConfiguration section */
		52D110931951CFAD00743FBD /* Debug */ = {
			isa = XCBuildConfiguration;
			buildSettings = {
				ALWAYS_SEARCH_USER_PATHS = NO;
				CLANG_CXX_LANGUAGE_STANDARD = "gnu++0x";
				CLANG_CXX_LIBRARY = "libc++";
				CLANG_ENABLE_MODULES = YES;
				CLANG_ENABLE_OBJC_ARC = YES;
				CLANG_WARN_BOOL_CONVERSION = YES;
				CLANG_WARN_CONSTANT_CONVERSION = YES;
				CLANG_WARN_DIRECT_OBJC_ISA_USAGE = YES_ERROR;
				CLANG_WARN_EMPTY_BODY = YES;
				CLANG_WARN_ENUM_CONVERSION = YES;
				CLANG_WARN_INT_CONVERSION = YES;
				CLANG_WARN_OBJC_ROOT_CLASS = YES_ERROR;
				CLANG_WARN__DUPLICATE_METHOD_MATCH = YES;
				"CODE_SIGN_IDENTITY[sdk=iphoneos*]" = "iPhone Developer";
				COPY_PHASE_STRIP = NO;
				GCC_C_LANGUAGE_STANDARD = gnu99;
				GCC_DYNAMIC_NO_PIC = NO;
				GCC_OPTIMIZATION_LEVEL = 0;
				GCC_PREPROCESSOR_DEFINITIONS = (
					"DEBUG=1",
					"$(inherited)",
				);
				GCC_SYMBOLS_PRIVATE_EXTERN = NO;
				GCC_WARN_64_TO_32_BIT_CONVERSION = YES;
				GCC_WARN_ABOUT_RETURN_TYPE = YES_ERROR;
				GCC_WARN_UNDECLARED_SELECTOR = YES;
				GCC_WARN_UNINITIALIZED_AUTOS = YES_AGGRESSIVE;
				GCC_WARN_UNUSED_FUNCTION = YES;
				GCC_WARN_UNUSED_VARIABLE = YES;
				IPHONEOS_DEPLOYMENT_TARGET = 7.0;
				ONLY_ACTIVE_ARCH = YES;
				SDKROOT = iphoneos;
				TARGETED_DEVICE_FAMILY = "1,2";
			};
			name = Debug;
		};
		52D110941951CFAD00743FBD /* Release */ = {
			isa = XCBuildConfiguration;
			buildSettings = {
				ALWAYS_SEARCH_USER_PATHS = NO;
				CLANG_CXX_LANGUAGE_STANDARD = "gnu++0x";
				CLANG_CXX_LIBRARY = "libc++";
				CLANG_ENABLE_MODULES = YES;
				CLANG_ENABLE_OBJC_ARC = YES;
				CLANG_WARN_BOOL_CONVERSION = YES;
				CLANG_WARN_CONSTANT_CONVERSION = YES;
				CLANG_WARN_DIRECT_OBJC_ISA_USAGE = YES_ERROR;
				CLANG_WARN_EMPTY_BODY = YES;
				CLANG_WARN_ENUM_CONVERSION = YES;
				CLANG_WARN_INT_CONVERSION = YES;
				CLANG_WARN_OBJC_ROOT_CLASS = YES_ERROR;
				CLANG_WARN__DUPLICATE_METHOD_MATCH = YES;
				"CODE_SIGN_IDENTITY[sdk=iphoneos*]" = "iPhone Developer";
				COPY_PHASE_STRIP = YES;
				ENABLE_NS_ASSERTIONS = NO;
				GCC_C_LANGUAGE_STANDARD = gnu99;
				GCC_WARN_64_TO_32_BIT_CONVERSION = YES;
				GCC_WARN_ABOUT_RETURN_TYPE = YES_ERROR;
				GCC_WARN_UNDECLARED_SELECTOR = YES;
				GCC_WARN_UNINITIALIZED_AUTOS = YES_AGGRESSIVE;
				GCC_WARN_UNUSED_FUNCTION = YES;
				GCC_WARN_UNUSED_VARIABLE = YES;
				IPHONEOS_DEPLOYMENT_TARGET = 7.0;
				SDKROOT = iphoneos;
				TARGETED_DEVICE_FAMILY = "1,2";
				VALIDATE_PRODUCT = YES;
			};
			name = Release;
		};
		52D110961951CFAD00743FBD /* Debug */ = {
			isa = XCBuildConfiguration;
			buildSettings = {
				ASSETCATALOG_COMPILER_APPICON_NAME = AppIcon;
				ASSETCATALOG_COMPILER_LAUNCHIMAGE_NAME = LaunchImage;
				CLANG_ENABLE_OBJC_ARC = NO;
				GCC_PRECOMPILE_PREFIX_HEADER = YES;
				GCC_PREFIX_HEADER = "FullActivities/FullActivities-Prefix.pch";
				INFOPLIST_FILE = "FullActivities/FullActivities-Info.plist";
				IPHONEOS_DEPLOYMENT_TARGET = 7.0;
				PRODUCT_NAME = "$(TARGET_NAME)";
				WRAPPER_EXTENSION = app;
			};
			name = Debug;
		};
		52D110971951CFAD00743FBD /* Release */ = {
			isa = XCBuildConfiguration;
			buildSettings = {
				ASSETCATALOG_COMPILER_APPICON_NAME = AppIcon;
				ASSETCATALOG_COMPILER_LAUNCHIMAGE_NAME = LaunchImage;
				CLANG_ENABLE_OBJC_ARC = NO;
				GCC_PRECOMPILE_PREFIX_HEADER = YES;
				GCC_PREFIX_HEADER = "FullActivities/FullActivities-Prefix.pch";
				INFOPLIST_FILE = "FullActivities/FullActivities-Info.plist";
				IPHONEOS_DEPLOYMENT_TARGET = 7.0;
				PRODUCT_NAME = "$(TARGET_NAME)";
				WRAPPER_EXTENSION = app;
			};
			name = Release;
		};
		52D110991951CFAD00743FBD /* Debug */ = {
			isa = XCBuildConfiguration;
			buildSettings = {
				BUNDLE_LOADER = "$(BUILT_PRODUCTS_DIR)/FullActivities.app/FullActivities";
				FRAMEWORK_SEARCH_PATHS = (
					"$(SDKROOT)/Developer/Library/Frameworks",
					"$(inherited)",
					"$(DEVELOPER_FRAMEWORKS_DIR)",
				);
				GCC_PRECOMPILE_PREFIX_HEADER = YES;
				GCC_PREFIX_HEADER = "FullActivities/FullActivities-Prefix.pch";
				GCC_PREPROCESSOR_DEFINITIONS = (
					"DEBUG=1",
					"$(inherited)",
				);
				INFOPLIST_FILE = "FullActivitiesTests/FullActivitiesTests-Info.plist";
				PRODUCT_NAME = "$(TARGET_NAME)";
				TEST_HOST = "$(BUNDLE_LOADER)";
				WRAPPER_EXTENSION = xctest;
			};
			name = Debug;
		};
		52D1109A1951CFAD00743FBD /* Release */ = {
			isa = XCBuildConfiguration;
			buildSettings = {
				BUNDLE_LOADER = "$(BUILT_PRODUCTS_DIR)/FullActivities.app/FullActivities";
				FRAMEWORK_SEARCH_PATHS = (
					"$(SDKROOT)/Developer/Library/Frameworks",
					"$(inherited)",
					"$(DEVELOPER_FRAMEWORKS_DIR)",
				);
				GCC_PRECOMPILE_PREFIX_HEADER = YES;
				GCC_PREFIX_HEADER = "FullActivities/FullActivities-Prefix.pch";
				INFOPLIST_FILE = "FullActivitiesTests/FullActivitiesTests-Info.plist";
				PRODUCT_NAME = "$(TARGET_NAME)";
				TEST_HOST = "$(BUNDLE_LOADER)";
				WRAPPER_EXTENSION = xctest;
			};
			name = Release;
		};
/* End XCBuildConfiguration section */

/* Begin XCConfigurationList section */
		52D110641951CFAD00743FBD /* Build configuration list for PBXProject "FullActivities" */ = {
			isa = XCConfigurationList;
			buildConfigurations = (
				52D110931951CFAD00743FBD /* Debug */,
				52D110941951CFAD00743FBD /* Release */,
			);
			defaultConfigurationIsVisible = 0;
			defaultConfigurationName = Release;
		};
		52D110951951CFAD00743FBD /* Build configuration list for PBXNativeTarget "FullActivities" */ = {
			isa = XCConfigurationList;
			buildConfigurations = (
				52D110961951CFAD00743FBD /* Debug */,
				52D110971951CFAD00743FBD /* Release */,
			);
			defaultConfigurationIsVisible = 0;
			defaultConfigurationName = Release;
		};
		52D110981951CFAD00743FBD /* Build configuration list for PBXNativeTarget "FullActivitiesTests" */ = {
			isa = XCConfigurationList;
			buildConfigurations = (
				52D110991951CFAD00743FBD /* Debug */,
				52D1109A1951CFAD00743FBD /* Release */,
			);
			defaultConfigurationIsVisible = 0;
			defaultConfigurationName = Release;
		};
/* End XCConfigurationList section */
	};
	rootObject = 52D110611951CFAD00743FBD /* Project object */;
}
